
Microsoft Visual Studio Solution File, Format Version 12.00
# Visual Studio 15
VisualStudioVersion = 15.0.27703.2018
MinimumVisualStudioVersion = 10.0.40219.1
Project("{FAE04EC0-301F-11D3-BF4B-00C04F79EFBC}") = "SpecialElements", "SpecialElements\SpecialElements.csproj", "{7C4882AC-AA70-47D6-802D-6CF8A65FCE68}"
EndProject
Project("{FAE04EC0-301F-11D3-BF4B-00C04F79EFBC}") = "CheckBox", "CheckBox\CheckBox.csproj", "{BDA8C9C5-D7A3-4D9E-9CA8-F2C93E377AD0}"
EndProject
Project("{FAE04EC0-301F-11D3-BF4B-00C04F79EFBC}") = "RadioButton", "RadioButton\RadioButton.csproj", "{675C444C-AA70-41DE-B7E5-E4D118CA0CFA}"
EndProject
Project("{FAE04EC0-301F-11D3-BF4B-00C04F79EFBC}") = "dropDownMenu", "dropDownMenu\dropDownMenu.csproj", "{FCF56633-68EA-4964-A77C-56486295E5F7}"
EndProject
Project("{FAE04EC0-301F-11D3-BF4B-00C04F79EFBC}") = "AlertBox", "AlertBox\AlertBox.csproj", "{6B68D34A-5CEB-4338-89DC-DA4196AE4104}"
EndProject
Global
	GlobalSection(SolutionConfigurationPlatforms) = preSolution
		Debug|Any CPU = Debug|Any CPU
		Release|Any CPU = Release|Any CPU
	EndGlobalSection
	GlobalSection(ProjectConfigurationPlatforms) = postSolution
		{7C4882AC-AA70-47D6-802D-6CF8A65FCE68}.Debug|Any CPU.ActiveCfg = Debug|Any CPU
		{7C4882AC-AA70-47D6-802D-6CF8A65FCE68}.Debug|Any CPU.Build.0 = Debug|Any CPU
		{7C4882AC-AA70-47D6-802D-6CF8A65FCE68}.Release|Any CPU.ActiveCfg = Release|Any CPU
		{7C4882AC-AA70-47D6-802D-6CF8A65FCE68}.Release|Any CPU.Build.0 = Release|Any CPU
		{BDA8C9C5-D7A3-4D9E-9CA8-F2C93E377AD0}.Debug|Any CPU.ActiveCfg = Debug|Any CPU
		{BDA8C9C5-D7A3-4D9E-9CA8-F2C93E377AD0}.Debug|Any CPU.Build.0 = Debug|Any CPU
		{BDA8C9C5-D7A3-4D9E-9CA8-F2C93E377AD0}.Release|Any CPU.ActiveCfg = Release|Any CPU
		{BDA8C9C5-D7A3-4D9E-9CA8-F2C93E377AD0}.Release|Any CPU.Build.0 = Release|Any CPU
		{675C444C-AA70-41DE-B7E5-E4D118CA0CFA}.Debug|Any CPU.ActiveCfg = Debug|Any CPU
		{675C444C-AA70-41DE-B7E5-E4D118CA0CFA}.Debug|Any CPU.Build.0 = Debug|Any CPU
		{675C444C-AA70-41DE-B7E5-E4D118CA0CFA}.Release|Any CPU.ActiveCfg = Release|Any CPU
		{675C444C-AA70-41DE-B7E5-E4D118CA0CFA}.Release|Any CPU.Build.0 = Release|Any CPU
		{FCF56633-68EA-4964-A77C-56486295E5F7}.Debug|Any CPU.ActiveCfg = Debug|Any CPU
		{FCF56633-68EA-4964-A77C-56486295E5F7}.Debug|Any CPU.Build.0 = Debug|Any CPU
		{FCF56633-68EA-4964-A77C-56486295E5F7}.Release|Any CPU.ActiveCfg = Release|Any CPU
		{FCF56633-68EA-4964-A77C-56486295E5F7}.Release|Any CPU.Build.0 = Release|Any CPU
		{6B68D34A-5CEB-4338-89DC-DA4196AE4104}.Debug|Any CPU.ActiveCfg = Debug|Any CPU
		{6B68D34A-5CEB-4338-89DC-DA4196AE4104}.Debug|Any CPU.Build.0 = Debug|Any CPU
		{6B68D34A-5CEB-4338-89DC-DA4196AE4104}.Release|Any CPU.ActiveCfg = Release|Any CPU
		{6B68D34A-5CEB-4338-89DC-DA4196AE4104}.Release|Any CPU.Build.0 = Release|Any CPU
	EndGlobalSection
	GlobalSection(SolutionProperties) = preSolution
		HideSolutionNode = FALSE
	EndGlobalSection
	GlobalSection(ExtensibilityGlobals) = postSolution
		SolutionGuid = {303540D4-2839-4944-9092-2E4D64EB971F}
	EndGlobalSection
EndGlobal
